
Microsoft Visual Studio Solution File, Format Version 12.00
# Visual Studio Version 17
VisualStudioVersion = 17.11.35312.102
MinimumVisualStudioVersion = 10.0.40219.1
Project("{FAE04EC0-301F-11D3-BF4B-00C04F79EFBC}") = "NinjaGame", "NinjaGame\NinjaGame.csproj", "{6C3E9916-3BB0-47EA-B572-1409F7A96508}"
EndProject
Global
	GlobalSection(SolutionConfigurationPlatforms) = preSolution
		Debug|Any CPU = Debug|Any CPU
		Release|Any CPU = Release|Any CPU
	EndGlobalSection
	GlobalSection(ProjectConfigurationPlatforms) = postSolution
		{6C3E9916-3BB0-47EA-B572-1409F7A96508}.Debug|Any CPU.ActiveCfg = Debug|Any CPU
		{6C3E9916-3BB0-47EA-B572-1409F7A96508}.Debug|Any CPU.Build.0 = Debug|Any CPU
		{6C3E9916-3BB0-47EA-B572-1409F7A96508}.Release|Any CPU.ActiveCfg = Release|Any CPU
		{6C3E9916-3BB0-47EA-B572-1409F7A96508}.Release|Any CPU.Build.0 = Release|Any CPU
	EndGlobalSection
	GlobalSection(SolutionProperties) = preSolution
		HideSolutionNode = FALSE
	EndGlobalSection
	GlobalSection(ExtensibilityGlobals) = postSolution
		SolutionGuid = {509E8EE9-E301-4D8C-99E2-BD6201EF1838}
	EndGlobalSection
EndGlobal
